
Microsoft Visual Studio Solution File, Format Version 12.00
# Visual Studio Version 16
VisualStudioVersion = 16.0.29209.62
MinimumVisualStudioVersion = 10.0.40219.1
Project("{9A19103F-16F7-4668-BE54-9A1E7A4F7556}") = "ManjuuApplications", "ManjuuApplications\ManjuuApplications.csproj", "{DC2198B5-7D0B-4592-B10D-5F2FB68CB101}"
EndProject
Project("{9A19103F-16F7-4668-BE54-9A1E7A4F7556}") = "ManjuuDomain", "ManjuuDomain\ManjuuDomain.csproj", "{96B435A4-68E5-402C-AA3A-DA739FD2C7B9}"
EndProject
Project("{9A19103F-16F7-4668-BE54-9A1E7A4F7556}") = "ManjuuInfrastructure", "ManjuuInfrastructure\ManjuuInfrastructure.csproj", "{865D10F3-AD0D-4C18-AFBE-F63D08AEB7B7}"
EndProject
Project("{9A19103F-16F7-4668-BE54-9A1E7A4F7556}") = "ManjuuPing", "ManjuuPing\ManjuuPing.csproj", "{D875B4EB-8E73-4B95-8364-D34BD3AD99DD}"
EndProject
Project("{FAE04EC0-301F-11D3-BF4B-00C04F79EFBC}") = "ManjuuNUnitTest", "ManjuuNUnitTest\ManjuuNUnitTest.csproj", "{923AD438-0C21-47E2-86CA-7DDC7BD35875}"
EndProject
Global
	GlobalSection(SolutionConfigurationPlatforms) = preSolution
		Debug|Any CPU = Debug|Any CPU
		Release|Any CPU = Release|Any CPU
	EndGlobalSection
	GlobalSection(ProjectConfigurationPlatforms) = postSolution
		{DC2198B5-7D0B-4592-B10D-5F2FB68CB101}.Debug|Any CPU.ActiveCfg = Debug|Any CPU
		{DC2198B5-7D0B-4592-B10D-5F2FB68CB101}.Debug|Any CPU.Build.0 = Debug|Any CPU
		{DC2198B5-7D0B-4592-B10D-5F2FB68CB101}.Release|Any CPU.ActiveCfg = Release|Any CPU
		{DC2198B5-7D0B-4592-B10D-5F2FB68CB101}.Release|Any CPU.Build.0 = Release|Any CPU
		{96B435A4-68E5-402C-AA3A-DA739FD2C7B9}.Debug|Any CPU.ActiveCfg = Debug|Any CPU
		{96B435A4-68E5-402C-AA3A-DA739FD2C7B9}.Debug|Any CPU.Build.0 = Debug|Any CPU
		{96B435A4-68E5-402C-AA3A-DA739FD2C7B9}.Release|Any CPU.ActiveCfg = Release|Any CPU
		{96B435A4-68E5-402C-AA3A-DA739FD2C7B9}.Release|Any CPU.Build.0 = Release|Any CPU
		{865D10F3-AD0D-4C18-AFBE-F63D08AEB7B7}.Debug|Any CPU.ActiveCfg = Debug|Any CPU
		{865D10F3-AD0D-4C18-AFBE-F63D08AEB7B7}.Debug|Any CPU.Build.0 = Debug|Any CPU
		{865D10F3-AD0D-4C18-AFBE-F63D08AEB7B7}.Release|Any CPU.ActiveCfg = Release|Any CPU
		{865D10F3-AD0D-4C18-AFBE-F63D08AEB7B7}.Release|Any CPU.Build.0 = Release|Any CPU
		{D875B4EB-8E73-4B95-8364-D34BD3AD99DD}.Debug|Any CPU.ActiveCfg = Debug|Any CPU
		{D875B4EB-8E73-4B95-8364-D34BD3AD99DD}.Debug|Any CPU.Build.0 = Debug|Any CPU
		{D875B4EB-8E73-4B95-8364-D34BD3AD99DD}.Release|Any CPU.ActiveCfg = Release|Any CPU
		{D875B4EB-8E73-4B95-8364-D34BD3AD99DD}.Release|Any CPU.Build.0 = Release|Any CPU
		{923AD438-0C21-47E2-86CA-7DDC7BD35875}.Debug|Any CPU.ActiveCfg = Debug|Any CPU
		{923AD438-0C21-47E2-86CA-7DDC7BD35875}.Debug|Any CPU.Build.0 = Debug|Any CPU
		{923AD438-0C21-47E2-86CA-7DDC7BD35875}.Release|Any CPU.ActiveCfg = Release|Any CPU
		{923AD438-0C21-47E2-86CA-7DDC7BD35875}.Release|Any CPU.Build.0 = Release|Any CPU
	EndGlobalSection
	GlobalSection(SolutionProperties) = preSolution
		HideSolutionNode = FALSE
	EndGlobalSection
	GlobalSection(ExtensibilityGlobals) = postSolution
		SolutionGuid = {1EF88454-4542-4A06-AEA8-221ECE42D3B2}
	EndGlobalSection
EndGlobal
